
Microsoft Visual Studio Solution File, Format Version 12.00
# Visual Studio Version 17
VisualStudioVersion = 17.2.32630.192
MinimumVisualStudioVersion = 10.0.40219.1
Project("{9A19103F-16F7-4668-BE54-9A1E7A4F7556}") = "Colecoes", "Colecoes\Colecoes.csproj", "{7D74348B-1038-41B4-B0A0-90BA1A0F533E}"
EndProject
Project("{9A19103F-16F7-4668-BE54-9A1E7A4F7556}") = "CQueue1", "CQueue1\CQueue1.csproj", "{A1FAF6B2-7B2E-47AB-914B-525B131B75EC}"
EndProject
Project("{9A19103F-16F7-4668-BE54-9A1E7A4F7556}") = "CStack", "CStack\CStack.csproj", "{45604C7F-A51A-4444-BB43-1D458CA24E15}"
EndProject
Project("{FAE04EC0-301F-11D3-BF4B-00C04F79EFBC}") = "CDictionary", "CDictionary\CDictionary.csproj", "{85EC9F95-2AEC-479F-9412-0ABD31DA01D6}"
EndProject
Global
	GlobalSection(SolutionConfigurationPlatforms) = preSolution
		Debug|Any CPU = Debug|Any CPU
		Release|Any CPU = Release|Any CPU
	EndGlobalSection
	GlobalSection(ProjectConfigurationPlatforms) = postSolution
		{7D74348B-1038-41B4-B0A0-90BA1A0F533E}.Debug|Any CPU.ActiveCfg = Debug|Any CPU
		{7D74348B-1038-41B4-B0A0-90BA1A0F533E}.Debug|Any CPU.Build.0 = Debug|Any CPU
		{7D74348B-1038-41B4-B0A0-90BA1A0F533E}.Release|Any CPU.ActiveCfg = Release|Any CPU
		{7D74348B-1038-41B4-B0A0-90BA1A0F533E}.Release|Any CPU.Build.0 = Release|Any CPU
		{A1FAF6B2-7B2E-47AB-914B-525B131B75EC}.Debug|Any CPU.ActiveCfg = Debug|Any CPU
		{A1FAF6B2-7B2E-47AB-914B-525B131B75EC}.Debug|Any CPU.Build.0 = Debug|Any CPU
		{A1FAF6B2-7B2E-47AB-914B-525B131B75EC}.Release|Any CPU.ActiveCfg = Release|Any CPU
		{A1FAF6B2-7B2E-47AB-914B-525B131B75EC}.Release|Any CPU.Build.0 = Release|Any CPU
		{45604C7F-A51A-4444-BB43-1D458CA24E15}.Debug|Any CPU.ActiveCfg = Debug|Any CPU
		{45604C7F-A51A-4444-BB43-1D458CA24E15}.Debug|Any CPU.Build.0 = Debug|Any CPU
		{45604C7F-A51A-4444-BB43-1D458CA24E15}.Release|Any CPU.ActiveCfg = Release|Any CPU
		{45604C7F-A51A-4444-BB43-1D458CA24E15}.Release|Any CPU.Build.0 = Release|Any CPU
		{85EC9F95-2AEC-479F-9412-0ABD31DA01D6}.Debug|Any CPU.ActiveCfg = Debug|Any CPU
		{85EC9F95-2AEC-479F-9412-0ABD31DA01D6}.Debug|Any CPU.Build.0 = Debug|Any CPU
		{85EC9F95-2AEC-479F-9412-0ABD31DA01D6}.Release|Any CPU.ActiveCfg = Release|Any CPU
		{85EC9F95-2AEC-479F-9412-0ABD31DA01D6}.Release|Any CPU.Build.0 = Release|Any CPU
	EndGlobalSection
	GlobalSection(SolutionProperties) = preSolution
		HideSolutionNode = FALSE
	EndGlobalSection
	GlobalSection(ExtensibilityGlobals) = postSolution
		SolutionGuid = {0F788C27-E92E-43D9-BA9F-04F135D9607F}
	EndGlobalSection
EndGlobal
